<?xml version="1.0" encoding="utf-8"?>
<Project ToolsVersion="4.0" xmlns="http://schemas.microsoft.com/developer/msbuild/2003">
  <ItemGroup>
    <Filter Include="Source Files">
      <UniqueIdentifier>{4FC737F1-C7A5-4376-A066-2A32D752A2FF}</UniqueIdentifier>
      <Extensions>cpp;c;cc;cxx;c++;cppm;ixx;def;odl;idl;hpj;bat;asm;asmx</Extensions>
    </Filter>
    <Filter Include="SDK">
      <UniqueIdentifier>{93995380-89BD-4b04-88EB-625FBE52EBFB}</UniqueIdentifier>
      <Extensions>h;hh;hpp;hxx;h++;hm;inl;inc;ipp;xsd</Extensions>
    </Filter>
    <Filter Include="Aeyth8">
      <UniqueIdentifier>{88fb48e4-fda5-426c-b090-0761d5a15754}</UniqueIdentifier>
    </Filter>
    <Filter Include="MinHook">
      <UniqueIdentifier>{b89952ac-c71b-42a2-a6b9-1961545c4ddb}</UniqueIdentifier>
    </Filter>
    <Filter Include="Version">
      <UniqueIdentifier>{4f616dc7-8577-4658-9118-8a7701b86086}</UniqueIdentifier>
    </Filter>
    <Filter Include="MinHook\src">
      <UniqueIdentifier>{61445420-869b-4d83-ab8c-924f3a6ca840}</UniqueIdentifier>
    </Filter>
    <Filter Include="MinHook\src\hde">
      <UniqueIdentifier>{ad935159-d4d0-4057-a75e-a553c0eae810}</UniqueIdentifier>
    </Filter>
    <Filter Include="Aeyth8\Hooks">
      <UniqueIdentifier>{85460c61-9e8f-404f-8581-8f1db4f8cd53}</UniqueIdentifier>
    </Filter>
    <Filter Include="Aeyth8\Tools">
      <UniqueIdentifier>{26c0b87f-02cf-4103-93f9-beb74047b6b8}</UniqueIdentifier>
    </Filter>
    <Filter Include="Aeyth8\Logic">
      <UniqueIdentifier>{483fa044-0979-4c2b-8565-d4a8236606d2}</UniqueIdentifier>
    </Filter>
    <Filter Include="Aeyth8\Proxy8">
      <UniqueIdentifier>{bc6cef1d-059f-440b-8b12-21f642ad88c8}</UniqueIdentifier>
    </Filter>
    <Filter Include="Aeyth8\UConsole">
      <UniqueIdentifier>{d9ba78f5-ae64-4dca-9fa2-af7aa3b8db8e}</UniqueIdentifier>
    </Filter>
    <Filter Include="SDK\CPP">
      <UniqueIdentifier>{2fd86045-df54-4f4c-a817-dae76f4ba6fe}</UniqueIdentifier>
    </Filter>
    <Filter Include="SDK\Core">
      <UniqueIdentifier>{00bd9153-e64d-4662-93a4-93154ce29337}</UniqueIdentifier>
    </Filter>
    <Filter Include="Aeyth8\Tools\CPP">
      <UniqueIdentifier>{79217961-4235-4b9d-b09b-28fab7f3e02a}</UniqueIdentifier>
    </Filter>
    <Filter Include="Aeyth8\Proxy8\CPP">
      <UniqueIdentifier>{25258986-c527-4cfb-b00a-68a84287518c}</UniqueIdentifier>
    </Filter>
    <Filter Include="Aeyth8\CmdArgs">
      <UniqueIdentifier>{da48f38b-c49b-4496-b9ce-0988e4fa95a1}</UniqueIdentifier>
    </Filter>
    <Filter Include="Aeyth8\CmdArgs\Core">
      <UniqueIdentifier>{bd9fdae9-ea10-4957-ac48-1c9d43e6033e}</UniqueIdentifier>
    </Filter>
    <Filter Include="Aeyth8\A8CL">
      <UniqueIdentifier>{8a6fbd35-cdfe-4e4a-a4d5-43ee9a476116}</UniqueIdentifier>
    </Filter>
    <Filter Include="Aeyth8\UConsole\Core">
      <UniqueIdentifier>{9cc847ca-635e-4c29-9ffc-51dd92074124}</UniqueIdentifier>
    </Filter>
    <Filter Include="SDK\CPP\Widgets">
      <UniqueIdentifier>{05509038-9dbd-4d1d-9178-3081544b49da}</UniqueIdentifier>
    </Filter>
    <Filter Include="SDK\Custom">
      <UniqueIdentifier>{dac963f0-78ec-4af4-9619-20333690e47c}</UniqueIdentifier>
    </Filter>
    <Filter Include="SDK\CPP\Widgets\DebugMenu">
      <UniqueIdentifier>{48b0ec2b-9c45-46ae-965f-6659872240db}</UniqueIdentifier>
    </Filter>
    <Filter Include="SDK\Custom\OptionsMenu">
      <UniqueIdentifier>{7e1a7377-bda6-4eb9-94ec-636c3118e66b}</UniqueIdentifier>
    </Filter>
    <Filter Include="SDK\Custom\Cursor">
      <UniqueIdentifier>{3f96bc08-c2b5-4ee4-981f-c69d7f53fb80}</UniqueIdentifier>
    </Filter>
    <Filter Include="SDK\Custom\TitleScreen">
      <UniqueIdentifier>{5a19e6f9-357c-4c30-a531-01af9ca026a8}</UniqueIdentifier>
    </Filter>
    <Filter Include="SDK\Custom\TitleScreen\GameMode">
      <UniqueIdentifier>{48ff2dfe-bdf0-4b1a-8d6b-17d7b4054ebc}</UniqueIdentifier>
    </Filter>
    <Filter Include="SDK\Custom\Global">
      <UniqueIdentifier>{d8403bb9-7a1a-42e5-894c-a4c9f34310e2}</UniqueIdentifier>
    </Filter>
    <Filter Include="SDK\CPP\Audio">
      <UniqueIdentifier>{5e00c376-4359-493a-9df2-9077051bd620}</UniqueIdentifier>
    </Filter>
    <Filter Include="SDK\Custom\TitleScreen\Versioning">
      <UniqueIdentifier>{57b49975-37ef-468d-988d-ad45ec96a05b}</UniqueIdentifier>
    </Filter>
    <Filter Include="Aeyth8\Proxy8\Entry">
      <UniqueIdentifier>{b11c1da5-c2ab-480f-9641-fcccbe624661}</UniqueIdentifier>
    </Filter>
    <Filter Include="SDK\Custom\LemonHelper">
      <UniqueIdentifier>{f5c7485d-9c21-4acf-9939-5bbb51241c28}</UniqueIdentifier>
    </Filter>
    <Filter Include="SDK\CPP\Storm">
      <UniqueIdentifier>{098c85fc-5e17-4268-8554-15fe85b0a34c}</UniqueIdentifier>
    </Filter>
    <Filter Include="Aeyth8\Logic\Server">
      <UniqueIdentifier>{1bc9fa69-484e-4ff8-ba8b-8f18e5b4e87f}</UniqueIdentifier>
    </Filter>
    <Filter Include="Aeyth8\Profiles">
      <UniqueIdentifier>{6c1b0f1a-6c4e-4c6a-9a4f-2d1e34a10002}</UniqueIdentifier>
    </Filter>
    <Filter Include="Aeyth8\ThirdParty">
      <UniqueIdentifier>{6c1b0f1a-6c4e-4c6a-9a4f-2d1e34a10003}</UniqueIdentifier>
    </Filter>
    <Filter Include="SDK\Custom\ServerReplicated">
      <UniqueIdentifier>{a1a088c7-ff78-4056-9333-2eda57b4d76a}</UniqueIdentifier>
    </Filter>
    <Filter Include="Aeyth8\Logic\Server\Temporary">
      <UniqueIdentifier>{06a32d13-17e1-41f2-91a6-83e79751e9da}</UniqueIdentifier>
    </Filter>
    <Filter Include="Aeyth8\Logic\Server\Temporary\MWRT">
      <UniqueIdentifier>{c2b22739-b2f6-413b-b39d-698f2ca5b677}</UniqueIdentifier>
    </Filter>
    <Filter Include="Aeyth8\A8CL\Filesystem">
      <UniqueIdentifier>{f87eeaf0-4e26-4fa1-9f92-4a0d317e7e73}</UniqueIdentifier>
    </Filter>
    <Filter Include="Aeyth8\A8CL\NTSurfer">
      <UniqueIdentifier>{1f8eaef1-7f86-49d3-88f6-a40fb32ef07b}</UniqueIdentifier>
    </Filter>
    <Filter Include="Aeyth8\A8CL\Logger">
      <UniqueIdentifier>{b75cad39-4460-4536-83c5-e0c5d37cdbca}</UniqueIdentifier>
    </Filter>
    <Filter Include="Aeyth8\Tools\TickHook">
      <UniqueIdentifier>{c4dc4f06-c967-4266-a6bb-e5fac34e4d8d}</UniqueIdentifier>
    </Filter>
    <Filter Include="Aeyth8\Logic\Callbacks">
      <UniqueIdentifier>{eca76baf-b05e-4902-a6bf-77f075412d5d}</UniqueIdentifier>
    </Filter>
    <Filter Include="SDK\Custom\OnlineStatus">
      <UniqueIdentifier>{bba0ca3a-7441-4ce6-83ab-d3e0f4856815}</UniqueIdentifier>
    </Filter>
  </ItemGroup>
  <ItemGroup>
    <ClCompile Include="dllmain.cpp">
      <Filter>Source Files</Filter>
    </ClCompile>
    <ClCompile Include="MinHook\src\buffer.c">
      <Filter>MinHook\src</Filter>
    </ClCompile>
    <ClCompile Include="MinHook\src\hook.c">
      <Filter>MinHook\src</Filter>
    </ClCompile>
    <ClCompile Include="MinHook\src\trampoline.c">
      <Filter>MinHook\src</Filter>
    </ClCompile>
    <ClCompile Include="MinHook\src\hde\hde32.c">
      <Filter>MinHook\src\hde</Filter>
    </ClCompile>
    <ClCompile Include="MinHook\src\hde\hde64.c">
      <Filter>MinHook\src\hde</Filter>
    </ClCompile>
    <ClCompile Include="Aeyth8\Hooks\Hooks.cpp">
      <Filter>Aeyth8\Hooks</Filter>
    </ClCompile>
    <ClCompile Include="Aeyth8\Logic\AJB.cpp">
      <Filter>Aeyth8\Logic</Filter>
    </ClCompile>
    <ClCompile Include="Aeyth8\Global.cpp">
      <Filter>Aeyth8</Filter>
    </ClCompile>
    <ClCompile Include="Dumper-7\SDK\AJB_functions.cpp">
      <Filter>SDK\CPP</Filter>
    </ClCompile>
    <ClCompile Include="Dumper-7\SDK\BP_AJBGameInstance_functions.cpp">
      <Filter>SDK\CPP</Filter>
    </ClCompile>
    <ClCompile Include="Dumper-7\SDK\BP_AJBWwiseManager_functions.cpp">
      <Filter>SDK\CPP</Filter>
    </ClCompile>
    <ClCompile Include="Dumper-7\SDK\BPF_AJBGameInstance_functions.cpp">
      <Filter>SDK\CPP</Filter>
    </ClCompile>
    <ClCompile Include="Dumper-7\SDK\OnlineSubsystemUtils_functions.cpp">
      <Filter>SDK\CPP</Filter>
    </ClCompile>
    <ClCompile Include="Dumper-7\SDK\OnlineSubsystem_functions.cpp">
      <Filter>SDK\CPP</Filter>
    </ClCompile>
    <ClCompile Include="Dumper-7\SDK\UMG_functions.cpp">
      <Filter>SDK\CPP</Filter>
    </ClCompile>
    <ClCompile Include="Dumper-7\SDK\LoadingScreenSystem_functions.cpp">
      <Filter>SDK\CPP</Filter>
    </ClCompile>
    <ClCompile Include="Dumper-7\SDK\BP_AJBBattleGameMode_functions.cpp">
      <Filter>SDK\CPP</Filter>
    </ClCompile>
    <ClCompile Include="Dumper-7\SDK\BP_AJBBattleGameState_functions.cpp">
      <Filter>SDK\CPP</Filter>
    </ClCompile>
    <ClCompile Include="Dumper-7\SDK\BP_AJBHighlightPlayerController_functions.cpp">
      <Filter>SDK\CPP</Filter>
    </ClCompile>
    <ClCompile Include="Dumper-7\SDK\BP_AJBInGamePlayerController_functions.cpp">
      <Filter>SDK\CPP</Filter>
    </ClCompile>
    <ClCompile Include="Dumper-7\SDK\BP_AJBOutGamePlayerController_functions.cpp">
      <Filter>SDK\CPP</Filter>
    </ClCompile>
    <ClCompile Include="Dumper-7\SDK\BP_AJBOutGameProxy_functions.cpp">
      <Filter>SDK\CPP</Filter>
    </ClCompile>
    <ClCompile Include="Dumper-7\SDK\BP_AJBSimpleMatchPlayerController_functions.cpp">
      <Filter>SDK\CPP</Filter>
    </ClCompile>
    <ClCompile Include="Dumper-7\SDK\Basic.cpp">
      <Filter>SDK\Core</Filter>
    </ClCompile>
    <ClCompile Include="Dumper-7\SDK\CoreUObject_functions.cpp">
      <Filter>SDK\Core</Filter>
    </ClCompile>
    <ClCompile Include="Dumper-7\SDK\Engine_functions.cpp">
      <Filter>SDK\Core</Filter>
    </ClCompile>
    <ClCompile Include="Aeyth8\Tools\BytePatcher.cpp">
      <Filter>Aeyth8\Tools\CPP</Filter>
    </ClCompile>
    <ClCompile Include="Aeyth8\Tools\Pointers.cpp">
      <Filter>Aeyth8\Tools\CPP</Filter>
    </ClCompile>
    <ClCompile Include="Aeyth8\Tools\UFunctions.cpp">
      <Filter>Aeyth8\Tools\CPP</Filter>
    </ClCompile>
    <ClCompile Include="Aeyth8\Proxy8\ProxyTypes.cpp">
      <Filter>Aeyth8\Proxy8\CPP</Filter>
    </ClCompile>
    <ClCompile Include="Aeyth8\Proxy8\Proxy.cpp">
      <Filter>Aeyth8\Proxy8\CPP</Filter>
    </ClCompile>
    <ClCompile Include="Aeyth8\CmdArgs\Core\CMLA.cpp">
      <Filter>Aeyth8\CmdArgs\Core</Filter>
    </ClCompile>
    <ClCompile Include="Aeyth8\CmdArgs\CommandLineArgs.cpp">
      <Filter>Aeyth8\CmdArgs</Filter>
    </ClCompile>
    <ClCompile Include="Dumper-7\SDK\FlowState_functions.cpp">
      <Filter>SDK\CPP</Filter>
    </ClCompile>
    <ClCompile Include="Dumper-7\SDK\BP_GameFlowStateManager_functions.cpp">
      <Filter>SDK\CPP</Filter>
    </ClCompile>
    <ClCompile Include="Dumper-7\SDK\BF_GameFlowStateUtils_functions.cpp">
      <Filter>SDK\CPP</Filter>
    </ClCompile>
    <ClCompile Include="Dumper-7\SDK\BP_PPV_VSFilter_functions.cpp">
      <Filter>SDK\CPP</Filter>
    </ClCompile>
    <ClCompile Include="Dumper-7\SDK\BP_AJBOutGameHUD_functions.cpp">
      <Filter>SDK\CPP</Filter>
    </ClCompile>
    <ClCompile Include="Dumper-7\SDK\BP_HUDCountDownTimerWrapper_functions.cpp">
      <Filter>SDK\CPP\Widgets</Filter>
    </ClCompile>
    <ClCompile Include="Dumper-7\SDK\BP_AJBSimpleMatchHUD_functions.cpp">
      <Filter>SDK\CPP\Widgets</Filter>
    </ClCompile>
    <ClCompile Include="Dumper-7\SDK\BPF_AJBOutGameHUD_functions.cpp">
      <Filter>SDK\CPP</Filter>
    </ClCompile>
    <ClCompile Include="Dumper-7\SDK\BP_AJBInGameHUD_functions.cpp">
      <Filter>SDK\CPP</Filter>
    </ClCompile>
    <ClCompile Include="Dumper-7\SDK\WB_TimeLimitCountDown_functions.cpp">
      <Filter>SDK\CPP\Widgets</Filter>
    </ClCompile>
    <ClCompile Include="Dumper-7\SDK\WB_Credit_functions.cpp">
      <Filter>SDK\CPP\Widgets</Filter>
    </ClCompile>
    <ClCompile Include="Dumper-7\SDK\WB_Training_functions.cpp">
      <Filter>SDK\CPP\Widgets</Filter>
    </ClCompile>
    <ClCompile Include="Dumper-7\SDK\WB_ModeSelect_functions.cpp">
      <Filter>SDK\CPP\Widgets</Filter>
    </ClCompile>
    <ClCompile Include="Dumper-7\SDK\BP_AJBInGameItemSpawnerMaster_functions.cpp">
      <Filter>SDK\CPP</Filter>
    </ClCompile>
    <ClCompile Include="Dumper-7\SDK\WB_PpBuyWindow_functions.cpp">
      <Filter>SDK\CPP\Widgets</Filter>
    </ClCompile>
    <ClCompile Include="Dumper-7\CustomSDK\BP_GlobalPatcher_functions.cpp">
      <Filter>SDK\Custom\Global</Filter>
    </ClCompile>
    <ClCompile Include="Dumper-7\SDK\WB_ModeSelectButtonBase_functions.cpp">
      <Filter>SDK\CPP\Widgets</Filter>
    </ClCompile>
    <ClCompile Include="Dumper-7\SDK\WB_ModeSelect_Button_PvE_functions.cpp">
      <Filter>SDK\CPP\Widgets</Filter>
    </ClCompile>
    <ClCompile Include="Dumper-7\SDK\WB_ModeSelect_Button_SOLO_functions.cpp">
      <Filter>SDK\CPP\Widgets</Filter>
    </ClCompile>
    <ClCompile Include="Dumper-7\SDK\AkAudio_functions.cpp">
      <Filter>SDK\CPP\Audio</Filter>
    </ClCompile>
    <ClCompile Include="Dumper-7\SDK\AmwPlugin_functions.cpp">
      <Filter>SDK\CPP</Filter>
    </ClCompile>
    <ClCompile Include="Dumper-7\SDK\BPF_AJBWwiseFunctionLibrary_functions.cpp">
      <Filter>SDK\CPP\Audio</Filter>
    </ClCompile>
    <ClCompile Include="Dumper-7\SDK\WB_InGameMain_functions.cpp">
      <Filter>SDK\CPP\Widgets</Filter>
    </ClCompile>
    <ClCompile Include="Dumper-7\SDK\WB_TestModePage_functions.cpp">
      <Filter>SDK\CPP\Widgets\DebugMenu</Filter>
    </ClCompile>
    <ClCompile Include="Dumper-7\SDK\AJBCreadit_functions.cpp">
      <Filter>SDK\CPP</Filter>
    </ClCompile>
    <ClCompile Include="Dumper-7\CustomSDK\WBP_TLVersionInfo_functions.cpp">
      <Filter>SDK\Custom\TitleScreen\Versioning</Filter>
    </ClCompile>
    <ClCompile Include="Dumper-7\CustomSDK\GM_AJBUserInterface_functions.cpp">
      <Filter>SDK\Custom\TitleScreen\GameMode</Filter>
    </ClCompile>
    <ClCompile Include="Aeyth8\Proxy8\Entry\ProxyEntry.cpp">
      <Filter>Aeyth8\Proxy8\Entry</Filter>
    </ClCompile>
    <ClCompile Include="Dumper-7\SDK\WB_TestModeMenuBase_functions.cpp">
      <Filter>SDK\CPP\Widgets\DebugMenu</Filter>
    </ClCompile>
    <ClCompile Include="Dumper-7\SDK\WB_Fade_functions.cpp">
      <Filter>SDK\CPP</Filter>
    </ClCompile>
    <ClCompile Include="Dumper-7\CustomSDK\LemonHelper_functions.cpp">
      <Filter>SDK\Custom\LemonHelper</Filter>
    </ClCompile>
    <ClCompile Include="Dumper-7\SDK\MediaAssets_functions.cpp">
      <Filter>SDK\CPP</Filter>
    </ClCompile>
    <ClCompile Include="Dumper-7\SDK\BP_AJBUIMapManager_functions.cpp">
      <Filter>SDK\CPP\Widgets</Filter>
    </ClCompile>
    <ClCompile Include="Dumper-7\SDK\BP_AJBInGameCharacter_functions.cpp">
      <Filter>SDK\CPP</Filter>
    </ClCompile>
    <ClCompile Include="Dumper-7\SDK\WB_TournamentMode_Main_functions.cpp">
      <Filter>SDK\CPP\Widgets</Filter>
    </ClCompile>
    <ClCompile Include="Aeyth8\Offsets.cpp">
      <Filter>Aeyth8</Filter>
    </ClCompile>
    <ClCompile Include="Dumper-7\SDK\Landscape_functions.cpp">
      <Filter>SDK\CPP</Filter>
    </ClCompile>
    <ClCompile Include="Dumper-7\SDK\BP_AJBDamageAreaLocal_functions.cpp">
      <Filter>SDK\CPP\Storm</Filter>
    </ClCompile>
    <ClCompile Include="Aeyth8\Logic\ServerLogic.cpp">
      <Filter>Aeyth8\Logic\Server</Filter>
    </ClCompile>
    <ClCompile Include="Aeyth8\Profiles\ProfileApply.cpp">
      <Filter>Aeyth8\Profiles</Filter>
    </ClCompile>
    <ClCompile Include="Aeyth8\Profiles\ProfileProvider.cpp">
      <Filter>Aeyth8\Profiles</Filter>
    </ClCompile>
    <ClCompile Include="Aeyth8\Profiles\ProfileRecord.cpp">
      <Filter>Aeyth8\Profiles</Filter>
    </ClCompile>
    <ClCompile Include="Aeyth8\Profiles\ProfileSync.cpp">
      <Filter>Aeyth8\Profiles</Filter>
    </ClCompile>
    <ClCompile Include="Dumper-7\SDK\WB_DBISequencerSkipper_functions.cpp">
      <Filter>SDK\CPP</Filter>
    </ClCompile>
    <ClCompile Include="Aeyth8\A8CL\Filesystem\FileSystem.cpp">
      <Filter>Aeyth8\A8CL\Filesystem</Filter>
    </ClCompile>
    <ClCompile Include="Aeyth8\A8CL\NTSurfer\NTSurfer.cpp">
      <Filter>Aeyth8\A8CL\NTSurfer</Filter>
    </ClCompile>
    <ClCompile Include="Aeyth8\A8CL\Logger\Logger.cpp">
      <Filter>Aeyth8\A8CL\Logger</Filter>
    </ClCompile>
    <ClCompile Include="Aeyth8\Tools\UnrealTypes.cpp">
      <Filter>Aeyth8\Tools\CPP</Filter>
    </ClCompile>
    <ClCompile Include="LogImports.cpp">
      <Filter>Aeyth8\A8CL</Filter>
    </ClCompile>
    <ClCompile Include="Dumper-7\SDK\AJBIngameUtilFunctionLibrary_functions.cpp">
      <Filter>SDK\CPP</Filter>
    </ClCompile>
    <ClCompile Include="Aeyth8\Tools\TickHook\TickHook.cpp">
      <Filter>Aeyth8\Tools\TickHook</Filter>
    </ClCompile>
    <ClCompile Include="Dumper-7\SDK\BP_AJBInteractAction_functions.cpp">
      <Filter>SDK\CPP</Filter>
    </ClCompile>
    <ClCompile Include="Dumper-7\SDK\BP_AJBPlacementSkill_functions.cpp">
      <Filter>SDK\CPP</Filter>
    </ClCompile>
    <ClCompile Include="Aeyth8\Logic\Callbacks\AJBCallbacks.cpp">
      <Filter>Aeyth8\Logic\Callbacks</Filter>
    </ClCompile>
    <ClCompile Include="Dumper-7\CustomSDK\WBP_OptionsMenu_functions.cpp">
      <Filter>SDK\Custom\OptionsMenu</Filter>
    </ClCompile>
    <ClCompile Include="Dumper-7\CustomSDK\WBP_BLOnlineStatus_functions.cpp">
      <Filter>SDK\Custom\OnlineStatus</Filter>
    </ClCompile>
    <ClCompile Include="Dumper-7\SDK\BP_AJBSkillBase_functions.cpp">
      <Filter>SDK\CPP</Filter>
    </ClCompile>
    <ClCompile Include="Aeyth8\UConsole\Core\UConsole.cpp">
      <Filter>Aeyth8\UConsole\Core</Filter>
    </ClCompile>
  </ItemGroup>
  <ItemGroup>
    <ClInclude Include="Aeyth8\Logger.hpp">
      <Filter>Aeyth8</Filter>
    </ClInclude>
    <ClInclude Include="MinHook\MinHook.h">
      <Filter>MinHook</Filter>
    </ClInclude>
    <ClInclude Include="MinHook\src\buffer.h">
      <Filter>MinHook\src</Filter>
    </ClInclude>
    <ClInclude Include="MinHook\src\trampoline.h">
      <Filter>MinHook\src</Filter>
    </ClInclude>
    <ClInclude Include="MinHook\src\hde\hde32.h">
      <Filter>MinHook\src\hde</Filter>
    </ClInclude>
    <ClInclude Include="MinHook\src\hde\hde64.h">
      <Filter>MinHook\src\hde</Filter>
    </ClInclude>
    <ClInclude Include="MinHook\src\hde\pstdint.h">
      <Filter>MinHook\src\hde</Filter>
    </ClInclude>
    <ClInclude Include="MinHook\src\hde\table32.h">
      <Filter>MinHook\src\hde</Filter>
    </ClInclude>
    <ClInclude Include="MinHook\src\hde\table64.h">
      <Filter>MinHook\src\hde</Filter>
    </ClInclude>
    <ClInclude Include="Aeyth8\Hooks\Hooks.hpp">
      <Filter>Aeyth8\Hooks</Filter>
    </ClInclude>
    <ClInclude Include="Aeyth8\Global.hpp">
      <Filter>Aeyth8</Filter>
    </ClInclude>
    <ClInclude Include="Aeyth8\Tools\UFunctions.hpp">
      <Filter>Aeyth8\Tools</Filter>
    </ClInclude>
    <ClInclude Include="Aeyth8\Logic\AJB.h">
      <Filter>Aeyth8\Logic</Filter>
    </ClInclude>
    <ClInclude Include="Aeyth8\Tools\Pointers.h">
      <Filter>Aeyth8\Tools</Filter>
    </ClInclude>
    <ClInclude Include="Aeyth8\Proxy8\Proxy.h">
      <Filter>Aeyth8\Proxy8</Filter>
    </ClInclude>
    <ClInclude Include="Aeyth8\Proxy8\ProxyTypes.h">
      <Filter>Aeyth8\Proxy8</Filter>
    </ClInclude>
    <ClInclude Include="Aeyth8\Offsets.h">
      <Filter>Aeyth8</Filter>
    </ClInclude>
    <ClInclude Include="Aeyth8\Tools\BytePatcher.h">
      <Filter>Aeyth8\Tools</Filter>
    </ClInclude>
    <ClInclude Include="Dumper-7\PropertyFixup.hpp">
      <Filter>SDK</Filter>
    </ClInclude>
    <ClInclude Include="Dumper-7\SDK.hpp">
      <Filter>SDK</Filter>
    </ClInclude>
    <ClInclude Include="Dumper-7\UnrealContainers.hpp">
      <Filter>SDK</Filter>
    </ClInclude>
    <ClInclude Include="Dumper-7\UtfN.hpp">
      <Filter>SDK</Filter>
    </ClInclude>
    <ClInclude Include="Version\resource.h">
      <Filter>SDK</Filter>
    </ClInclude>
    <ClInclude Include="Aeyth8\CmdArgs\Core\CMLA.h">
      <Filter>Aeyth8\CmdArgs\Core</Filter>
    </ClInclude>
    <ClInclude Include="Aeyth8\CmdArgs\CommandLineArgs.h">
      <Filter>Aeyth8\CmdArgs</Filter>
    </ClInclude>
    <ClInclude Include="Aeyth8\OffsetBase.h">
      <Filter>Aeyth8</Filter>
    </ClInclude>
    <ClInclude Include="Aeyth8\A8CL\CTypes\CArray.h">
      <Filter>Aeyth8\A8CL</Filter>
    </ClInclude>
    <ClInclude Include="Aeyth8\A8CL\CTypes\IntegerTypes.h">
      <Filter>Aeyth8\A8CL</Filter>
    </ClInclude>
    <ClInclude Include="Dumper-7\CustomSDK\WBP_Cursor_classes.hpp">
      <Filter>SDK\Custom\Cursor</Filter>
    </ClInclude>
    <ClInclude Include="Dumper-7\CustomSDK\BP_GlobalPatcher_classes.hpp">
      <Filter>SDK\Custom\Global</Filter>
    </ClInclude>
    <ClInclude Include="Dumper-7\CustomSDK\WBP_TLVersionInfo_classes.hpp">
      <Filter>SDK\Custom\TitleScreen\Versioning</Filter>
    </ClInclude>
    <ClInclude Include="Dumper-7\CustomSDK\WBP_TLVersionInfo_parameters.hpp">
      <Filter>SDK\Custom\TitleScreen\Versioning</Filter>
    </ClInclude>
    <ClInclude Include="Dumper-7\CustomSDK\GM_AJBUserInterface_classes.hpp">
      <Filter>SDK\Custom\TitleScreen\GameMode</Filter>
    </ClInclude>
    <ClInclude Include="Dumper-7\CustomSDK\GM_AJBUserInterface_parameters.hpp">
      <Filter>SDK\Custom\TitleScreen\GameMode</Filter>
    </ClInclude>
    <ClInclude Include="Dumper-7\CustomSDK\BPAC_LoadTags_classes.hpp">
      <Filter>SDK\Custom\Global</Filter>
    </ClInclude>
    <ClInclude Include="Aeyth8\Proxy8\Entry\ProxyEntry.hpp">
      <Filter>Aeyth8\Proxy8\Entry</Filter>
    </ClInclude>
    <ClInclude Include="Aeyth8\Tools\UnrealExternWrapper.h">
      <Filter>Aeyth8\Tools</Filter>
    </ClInclude>
    <ClInclude Include="Dumper-7\CustomSDK\LemonHelper_classes.hpp">
      <Filter>SDK\Custom\LemonHelper</Filter>
    </ClInclude>
    <ClInclude Include="Dumper-7\CustomSDK\LemonHelper_parameters.hpp">
      <Filter>SDK\Custom\LemonHelper</Filter>
    </ClInclude>
    <ClInclude Include="Aeyth8\UConsole\ExecInternalConfig.h">
      <Filter>Aeyth8\UConsole</Filter>
    </ClInclude>
    <ClInclude Include="Aeyth8\UConsole\Core\UConsole.h">
      <Filter>Aeyth8\UConsole\Core</Filter>
    </ClInclude>
    <ClInclude Include="Aeyth8\Logic\ServerLogic.h">
      <Filter>Aeyth8\Logic\Server</Filter>
    </ClInclude>
    <ClInclude Include="Aeyth8\Profiles\ProfileApply.h">
      <Filter>Aeyth8\Profiles</Filter>
    </ClInclude>
    <ClInclude Include="Aeyth8\Profiles\ProfileProvider.h">
      <Filter>Aeyth8\Profiles</Filter>
    </ClInclude>
    <ClInclude Include="Aeyth8\Profiles\ProfileRecord.h">
      <Filter>Aeyth8\Profiles</Filter>
    </ClInclude>
    <ClInclude Include="Aeyth8\Profiles\ProfileSync.h">
      <Filter>Aeyth8\Profiles</Filter>
    </ClInclude>
    <ClInclude Include="Aeyth8\ThirdParty\json.hpp">
      <Filter>Aeyth8\ThirdParty</Filter>
    </ClInclude>
    <ClInclude Include="Dumper-7\CustomSDK\BP_Synchronizer_classes.hpp">
      <Filter>SDK\Custom\ServerReplicated</Filter>
    </ClInclude>
    <ClInclude Include="Aeyth8\Logic\Server\Temporary\MRWT.h">
      <Filter>Aeyth8\Logic\Server\Temporary\MWRT</Filter>
    </ClInclude>
    <ClInclude Include="Aeyth8\A8CL\Filesystem\FileSystem.h">
      <Filter>Aeyth8\A8CL\Filesystem</Filter>
    </ClInclude>
    <ClInclude Include="Aeyth8\A8CL\NTSurfer\NTSurfer.hpp">
      <Filter>Aeyth8\A8CL\NTSurfer</Filter>
    </ClInclude>
    <ClInclude Include="Aeyth8\A8CL\Logger\Logger.h">
      <Filter>Aeyth8\A8CL\Logger</Filter>
    </ClInclude>
    <ClInclude Include="Aeyth8\Tools\UnrealTypes.h">
      <Filter>Aeyth8\Tools</Filter>
    </ClInclude>
    <ClInclude Include="Aeyth8\Tools\TickHook\TickHook.h">
      <Filter>Aeyth8\Tools\TickHook</Filter>
    </ClInclude>
    <ClInclude Include="Dumper-7\SDK\BP_AJBInteractAction_classes.hpp">
      <Filter>SDK\CPP</Filter>
    </ClInclude>
    <ClInclude Include="Aeyth8\Logic\Callbacks\AJBCallbacks.h">
      <Filter>Aeyth8\Logic\Callbacks</Filter>
    </ClInclude>
    <ClInclude Include="Dumper-7\CustomSDK\WBP_OptionsMenu_classes.hpp">
      <Filter>SDK\Custom\OptionsMenu</Filter>
    </ClInclude>
    <ClInclude Include="Dumper-7\CustomSDK\WBP_OptionsMenu_parameters.hpp">
      <Filter>SDK\Custom\OptionsMenu</Filter>
    </ClInclude>
    <ClInclude Include="Dumper-7\CustomSDK\WBP_BLOnlineStatus_classes.hpp">
      <Filter>SDK\Custom\OnlineStatus</Filter>
    </ClInclude>
  </ItemGroup>
  <ItemGroup>
    <None Include="Dumper-7\NameCollisions.inl">
      <Filter>SDK</Filter>
    </None>
    <None Include="Aeyth8\Tools\StringTables.inl">
      <Filter>Aeyth8\Tools</Filter>
    </None>
  </ItemGroup>
  <ItemGroup>
    <ResourceCompile Include="Version\JoJo.rc">
      <Filter>Version</Filter>
    </ResourceCompile>
  </ItemGroup>
  <ItemGroup>
    <MASM Include="Aeyth8\Proxy8\Entry\Entry.asm">
      <Filter>Aeyth8\Proxy8\Entry</Filter>
    </MASM>
    <MASM Include="Aeyth8\Tools\IsInLocalDirectory.asm">
      <Filter>Aeyth8\Tools</Filter>
    </MASM>
    <MASM Include="Aeyth8\Logic\Server\GameWelcomePlayer.asm">
      <Filter>Aeyth8\Logic\Server</Filter>
    </MASM>
  </ItemGroup>
  <ItemGroup>
    <Image Include="Version\AJB.ico">
      <Filter>Version</Filter>
    </Image>
  </ItemGroup>
</Project>
